{
  "version": "5",
  "specifiers": {
    "npm:@types/node@*": "24.2.0",
    "npm:json-canonicalize@3.0.1": "3.0.1",
    "npm:postgres@3.4.9": "3.4.9"
  },
  "npm": {
    "@types/node@24.2.0": {
      "integrity": "sha512-3xyG3pMCq3oYCNg7/ZP+E1ooTaGB4cG8JWRsqqOYQdbWNY4zbaV0Ennrd7stjiJEFZCaybcIgpTjJWHRfBSIDw==",
      "dependencies": [
        "undici-types"
      ]
    },
    "json-canonicalize@3.0.1": {
      "integrity": "sha512-xEzkTucfHhDooWOSMOvrlll9oTk6/mXZIerF2DFWA2chHZsnc2zrmAKjVOyDbSYHr0e3Djx9F89nZ3U2Bn+lSw=="
    },
    "postgres@3.4.9": {
      "integrity": "sha512-GD3qdB0x1z9xgFI6cdRD6xu2Sp2WCOEoe3mtnyB5Ee0XrrL5Pe+e4CCnJrRMnL1zYtRDZmQQVbvOttLnKDLnaw=="
    },
    "undici-types@7.10.0": {
      "integrity": "sha512-t5Fy/nfn+14LuOc2KNYg75vZqClpAiqscVvMygNnlsHBFpSXdJaYtXMcdNLpl/Qvc3P2cB3s6lOV51nqsFq4ag=="
    }
  },
  "workspace": {
    "dependencies": [
      "npm:json-canonicalize@3.0.1",
      "npm:postgres@3.4.9"
    ]
  }
}
